
Microsoft Visual Studio Solution File, Format Version 12.00
# Visual Studio Version 17
VisualStudioVersion = 17.14.36518.9 d17.14
MinimumVisualStudioVersion = 10.0.40219.1
Project("{FAE04EC0-301F-11D3-BF4B-00C04F79EFBC}") = "ValidatorService", "ValidatorService.csproj", "{21324BF9-FA79-4FB2-890D-46FEA1C91587}"
EndProject
Global
	GlobalSection(SolutionConfigurationPlatforms) = preSolution
		Debug|Any CPU = Debug|Any CPU
		Release|Any CPU = Release|Any CPU
	EndGlobalSection
	GlobalSection(ProjectConfigurationPlatforms) = postSolution
		{21324BF9-FA79-4FB2-890D-46FEA1C91587}.Debug|Any CPU.ActiveCfg = Debug|Any CPU
		{21324BF9-FA79-4FB2-890D-46FEA1C91587}.Debug|Any CPU.Build.0 = Debug|Any CPU
		{21324BF9-FA79-4FB2-890D-46FEA1C91587}.Release|Any CPU.ActiveCfg = Release|Any CPU
		{21324BF9-FA79-4FB2-890D-46FEA1C91587}.Release|Any CPU.Build.0 = Release|Any CPU
	EndGlobalSection
	GlobalSection(SolutionProperties) = preSolution
		HideSolutionNode = FALSE
	EndGlobalSection
	GlobalSection(ExtensibilityGlobals) = postSolution
		SolutionGuid = {F083BA65-70DE-4B46-8575-884A643D5D8E}
	EndGlobalSection
EndGlobal
